
Microsoft Visual Studio Solution File, Format Version 12.00
# Visual Studio Version 16
VisualStudioVersion = 16.0.31025.194
MinimumVisualStudioVersion = 10.0.40219.1
Project("{9A19103F-16F7-4668-BE54-9A1E7A4F7556}") = "Sharp.Studio", "Sharp.Studio.csproj", "{982A7FB6-8F71-4C84-AD65-44FFD3AC1ACF}"
EndProject
Project("{9A19103F-16F7-4668-BE54-9A1E7A4F7556}") = "Sharp.Engine", "Sharp.Engine\Sharp.Engine.csproj", "{5B222FBF-A41F-4517-8463-5D4DD10F0D7E}"
EndProject
Project("{9A19103F-16F7-4668-BE54-9A1E7A4F7556}") = "Sharp.DockManager", "Sharp.DockManager\Sharp.DockManager.csproj", "{81BC07F6-D17B-42B7-8F36-75E52A34A136}"
EndProject
Global
	GlobalSection(SolutionConfigurationPlatforms) = preSolution
		Debug|Any CPU = Debug|Any CPU
		Release|Any CPU = Release|Any CPU
	EndGlobalSection
	GlobalSection(ProjectConfigurationPlatforms) = postSolution
		{982A7FB6-8F71-4C84-AD65-44FFD3AC1ACF}.Debug|Any CPU.ActiveCfg = Debug|Any CPU
		{982A7FB6-8F71-4C84-AD65-44FFD3AC1ACF}.Debug|Any CPU.Build.0 = Debug|Any CPU
		{982A7FB6-8F71-4C84-AD65-44FFD3AC1ACF}.Release|Any CPU.ActiveCfg = Release|Any CPU
		{982A7FB6-8F71-4C84-AD65-44FFD3AC1ACF}.Release|Any CPU.Build.0 = Release|Any CPU
		{5B222FBF-A41F-4517-8463-5D4DD10F0D7E}.Debug|Any CPU.ActiveCfg = Debug|Any CPU
		{5B222FBF-A41F-4517-8463-5D4DD10F0D7E}.Debug|Any CPU.Build.0 = Debug|Any CPU
		{5B222FBF-A41F-4517-8463-5D4DD10F0D7E}.Release|Any CPU.ActiveCfg = Release|Any CPU
		{5B222FBF-A41F-4517-8463-5D4DD10F0D7E}.Release|Any CPU.Build.0 = Release|Any CPU
		{81BC07F6-D17B-42B7-8F36-75E52A34A136}.Debug|Any CPU.ActiveCfg = Debug|Any CPU
		{81BC07F6-D17B-42B7-8F36-75E52A34A136}.Debug|Any CPU.Build.0 = Debug|Any CPU
		{81BC07F6-D17B-42B7-8F36-75E52A34A136}.Release|Any CPU.ActiveCfg = Release|Any CPU
		{81BC07F6-D17B-42B7-8F36-75E52A34A136}.Release|Any CPU.Build.0 = Release|Any CPU
	EndGlobalSection
	GlobalSection(SolutionProperties) = preSolution
		HideSolutionNode = FALSE
	EndGlobalSection
	GlobalSection(ExtensibilityGlobals) = postSolution
		SolutionGuid = {9F381E94-ED46-43C7-B078-0294F66148F0}
	EndGlobalSection
EndGlobal
