
Microsoft Visual Studio Solution File, Format Version 12.00
# Visual Studio Version 16
VisualStudioVersion = 16.0.31025.194
MinimumVisualStudioVersion = 10.0.40219.1
Project("{FAE04EC0-301F-11D3-BF4B-00C04F79EFBC}") = "Sharp.Studio", "Sharp.Studio.csproj", "{CE0FBF04-1CBF-486D-8E54-4AEAFA981B0E}"
EndProject
Global
	GlobalSection(SolutionConfigurationPlatforms) = preSolution
		Debug|Any CPU = Debug|Any CPU
		Release|Any CPU = Release|Any CPU
	EndGlobalSection
	GlobalSection(ProjectConfigurationPlatforms) = postSolution
		{CE0FBF04-1CBF-486D-8E54-4AEAFA981B0E}.Debug|Any CPU.ActiveCfg = Debug|Any CPU
		{CE0FBF04-1CBF-486D-8E54-4AEAFA981B0E}.Debug|Any CPU.Build.0 = Debug|Any CPU
		{CE0FBF04-1CBF-486D-8E54-4AEAFA981B0E}.Release|Any CPU.ActiveCfg = Release|Any CPU
		{CE0FBF04-1CBF-486D-8E54-4AEAFA981B0E}.Release|Any CPU.Build.0 = Release|Any CPU
	EndGlobalSection
	GlobalSection(SolutionProperties) = preSolution
		HideSolutionNode = FALSE
	EndGlobalSection
	GlobalSection(ExtensibilityGlobals) = postSolution
		SolutionGuid = {28C19DE8-7E83-470A-80A4-1889E91867BF}
	EndGlobalSection
EndGlobal
